
Microsoft Visual Studio Solution File, Format Version 12.00
# Visual Studio Version 17
VisualStudioVersion = 17.14.36414.22 d17.14
MinimumVisualStudioVersion = 10.0.40219.1
Project("{F184B08F-C81C-45F6-A57F-5ABD9991F28F}") = "CRS-NAVBAR", "CRS-NAVBAR.vbproj", "{C76C0573-8A02-4017-B0BE-014C5CE94B67}"
EndProject
Global
	GlobalSection(SolutionConfigurationPlatforms) = preSolution
		Debug|Any CPU = Debug|Any CPU
		Release|Any CPU = Release|Any CPU
	EndGlobalSection
	GlobalSection(ProjectConfigurationPlatforms) = postSolution
		{C76C0573-8A02-4017-B0BE-014C5CE94B67}.Debug|Any CPU.ActiveCfg = Debug|Any CPU
		{C76C0573-8A02-4017-B0BE-014C5CE94B67}.Debug|Any CPU.Build.0 = Debug|Any CPU
		{C76C0573-8A02-4017-B0BE-014C5CE94B67}.Release|Any CPU.ActiveCfg = Release|Any CPU
		{C76C0573-8A02-4017-B0BE-014C5CE94B67}.Release|Any CPU.Build.0 = Release|Any CPU
	EndGlobalSection
	GlobalSection(SolutionProperties) = preSolution
		HideSolutionNode = FALSE
	EndGlobalSection
	GlobalSection(ExtensibilityGlobals) = postSolution
		SolutionGuid = {BB86C187-6235-4AB5-A909-C2FCEAE77908}
	EndGlobalSection
EndGlobal
